
Microsoft Visual Studio Solution File, Format Version 12.00
# Visual Studio 15
VisualStudioVersion = 15.0.28307.1972
MinimumVisualStudioVersion = 10.0.40219.1
Project("{FAE04EC0-301F-11D3-BF4B-00C04F79EFBC}") = "HighDpiForm", "HighDpiForm\HighDpiForm.csproj", "{AC20007C-3DF7-48BA-B002-BA239D3C6B00}"
EndProject
Global
	GlobalSection(SolutionConfigurationPlatforms) = preSolution
		Debug|Any CPU = Debug|Any CPU
		Release|Any CPU = Release|Any CPU
	EndGlobalSection
	GlobalSection(ProjectConfigurationPlatforms) = postSolution
		{AC20007C-3DF7-48BA-B002-BA239D3C6B00}.Debug|Any CPU.ActiveCfg = Debug|Any CPU
		{AC20007C-3DF7-48BA-B002-BA239D3C6B00}.Debug|Any CPU.Build.0 = Debug|Any CPU
		{AC20007C-3DF7-48BA-B002-BA239D3C6B00}.Release|Any CPU.ActiveCfg = Release|Any CPU
		{AC20007C-3DF7-48BA-B002-BA239D3C6B00}.Release|Any CPU.Build.0 = Release|Any CPU
	EndGlobalSection
	GlobalSection(SolutionProperties) = preSolution
		HideSolutionNode = FALSE
	EndGlobalSection
	GlobalSection(ExtensibilityGlobals) = postSolution
		SolutionGuid = {D14489CA-7D63-41A5-8A2B-EFC9C750D15A}
	EndGlobalSection
EndGlobal
